version: 2.0
shards:
  crystar:
    git: https://github.com/naqvis/crystar.git
    version: 0.2.0+git.commit.56db8bb9dfbd5ed6d7908353405a5fae632a6561

  db:
    git: https://github.com/crystal-lang/crystal-db.git
    version: 0.12.0

  habitat:
    git: https://github.com/luckyframework/habitat.git
    version: 0.4.7

  selenium:
    git: https://github.com/zw963/selenium.cr.git
    version: 0.11.0+git.commit.6518256dab0d316d766140b8f882ba0dd44cc942

  sqlite3:
    git: https://github.com/crystal-lang/crystal-sqlite3.git
    version: 0.20.0

  webdrivers:
    git: https://github.com/matthewmcgarvey/webdrivers.cr.git
    version: 0.4.2+git.commit.7366da2d8289422e6a4ad8930cde015d1dcf1142

