version: 2.0
shards:
  db:
    git: https://github.com/crystal-lang/crystal-db.git
    version: 0.12.0

  selenium:
    git: https://github.com/zw963/selenium.cr.git
    version: 0.11.0+git.commit.6518256dab0d316d766140b8f882ba0dd44cc942

  sqlite3:
    git: https://github.com/crystal-lang/crystal-sqlite3.git
    version: 0.20.0

